PODS:
  - YoutubePlayer-in-WKWebView (0.2.5)

DEPENDENCIES:
  - YoutubePlayer-in-WKWebView (~> 0.2.0)

SPEC REPOS:
  trunk:
    - YoutubePlayer-in-WKWebView

SPEC CHECKSUMS:
  YoutubePlayer-in-WKWebView: 4dad12b3ece938a6456fa4374df78942f88b485a

PODFILE CHECKSUM: 3cb73db0e26a68cb49cd20c31c6d9b842c3d0a0a

COCOAPODS: 1.8.4
